// !$*UTF8*$!
{
	archiveVersion = 1;
	classes = {
	};
	objectVersion = 55;
	objects = {

/* Begin PBXBuildFile section */
		712847E329C988BB000B73C7 /* ShowMessageView.xib in Resources */ = {isa = PBXBuildFile; fileRef = 712847E229C988BB000B73C7 /* ShowMessageView.xib */; };
		7133B37229C6B7E900612010 /* AppDelegate.swift in Sources */ = {isa = PBXBuildFile; fileRef = 7133B37129C6B7E900612010 /* AppDelegate.swift */; };
		7133B37429C6B7E900612010 /* SceneDelegate.swift in Sources */ = {isa = PBXBuildFile; fileRef = 7133B37329C6B7E900612010 /* SceneDelegate.swift */; };
		7133B37B29C6B7EC00612010 /* Assets.xcassets in Resources */ = {isa = PBXBuildFile; fileRef = 7133B37A29C6B7EC00612010 /* Assets.xcassets */; };
		7133B37E29C6B7EC00612010 /* LaunchScreen.storyboard in Resources */ = {isa = PBXBuildFile; fileRef = 7133B37C29C6B7EC00612010 /* LaunchScreen.storyboard */; };
		7133B47629C7F75A00612010 /* Main.storyboard in Resources */ = {isa = PBXBuildFile; fileRef = 7133B47529C7F75A00612010 /* Main.storyboard */; };
		7133B47829C7F78100612010 /* MainVC.swift in Sources */ = {isa = PBXBuildFile; fileRef = 7133B47729C7F78100612010 /* MainVC.swift */; };
		7133B47A29C7F79100612010 /* MainVM.swift in Sources */ = {isa = PBXBuildFile; fileRef = 7133B47929C7F79100612010 /* MainVM.swift */; };
		7133B47C29C7F97C00612010 /* Home.xib in Resources */ = {isa = PBXBuildFile; fileRef = 7133B47B29C7F97C00612010 /* Home.xib */; };
		719B2C7029C986730022CAE5 /* ShowMessageView.swift in Sources */ = {isa = PBXBuildFile; fileRef = 719B2C6F29C986730022CAE5 /* ShowMessageView.swift */; };
		71AE400D29C809FB00879D9C /* HomeVC.swift in Sources */ = {isa = PBXBuildFile; fileRef = 71AE400C29C809FB00879D9C /* HomeVC.swift */; };
		8515A93329C9F5850016E21B /* MoreView.swift in Sources */ = {isa = PBXBuildFile; fileRef = 8515A93229C9F5850016E21B /* MoreView.swift */; };
		8515A93529C9F5920016E21B /* MoreView.xib in Resources */ = {isa = PBXBuildFile; fileRef = 8515A93429C9F5920016E21B /* MoreView.xib */; };
		85484C1329C9D35F00FCE12B /* FunctionCollectionView.xib in Resources */ = {isa = PBXBuildFile; fileRef = 85484C1229C9D35F00FCE12B /* FunctionCollectionView.xib */; };
		85484C1529C9D39300FCE12B /* FunctionCollectionView.swift in Sources */ = {isa = PBXBuildFile; fileRef = 85484C1429C9D39300FCE12B /* FunctionCollectionView.swift */; };
		85484C1829C9D63600FCE12B /* FunctionCollectionViewCell.xib in Resources */ = {isa = PBXBuildFile; fileRef = 85484C1729C9D63600FCE12B /* FunctionCollectionViewCell.xib */; };
		85484C1A29C9D64B00FCE12B /* FunctionCollectionViewCell.swift in Sources */ = {isa = PBXBuildFile; fileRef = 85484C1929C9D64B00FCE12B /* FunctionCollectionViewCell.swift */; };
		85484C1C29C9DA4400FCE12B /* NibLoadble.swift in Sources */ = {isa = PBXBuildFile; fileRef = 85484C1B29C9DA4400FCE12B /* NibLoadble.swift */; };
		85BA31C629C6EB6E001F87FC /* HomeVM.swift in Sources */ = {isa = PBXBuildFile; fileRef = 85BA31C529C6EB6E001F87FC /* HomeVM.swift */; };
		85BA32B729C6FCA2001F87FC /* Color.swift in Sources */ = {isa = PBXBuildFile; fileRef = 85BA32B629C6FCA2001F87FC /* Color.swift */; };
		85BA32B929C70D7F001F87FC /* View.swift in Sources */ = {isa = PBXBuildFile; fileRef = 85BA32B829C70D7F001F87FC /* View.swift */; };
		85BA32BC29C71CA9001F87FC /* APIManager.swift in Sources */ = {isa = PBXBuildFile; fileRef = 85BA32BB29C71CA9001F87FC /* APIManager.swift */; };
		85BA32BE29C71E94001F87FC /* APIInfo.swift in Sources */ = {isa = PBXBuildFile; fileRef = 85BA32BD29C71E94001F87FC /* APIInfo.swift */; };
		85BA32C029C73986001F87FC /* APIRepository.swift in Sources */ = {isa = PBXBuildFile; fileRef = 85BA32BF29C73986001F87FC /* APIRepository.swift */; };
		85BA32C329C751E7001F87FC /* APIResponse.swift in Sources */ = {isa = PBXBuildFile; fileRef = 85BA32C229C751E7001F87FC /* APIResponse.swift */; };
/* End PBXBuildFile section */

/* Begin PBXFileReference section */
		712847E229C988BB000B73C7 /* ShowMessageView.xib */ = {isa = PBXFileReference; lastKnownFileType = file.xib; path = ShowMessageView.xib; sourceTree = "<group>"; };
		7133B36E29C6B7E900612010 /* MyAccountBalance.app */ = {isa = PBXFileReference; explicitFileType = wrapper.application; includeInIndex = 0; path = MyAccountBalance.app; sourceTree = BUILT_PRODUCTS_DIR; };
		7133B37129C6B7E900612010 /* AppDelegate.swift */ = {isa = PBXFileReference; lastKnownFileType = sourcecode.swift; path = AppDelegate.swift; sourceTree = "<group>"; };
		7133B37329C6B7E900612010 /* SceneDelegate.swift */ = {isa = PBXFileReference; lastKnownFileType = sourcecode.swift; path = SceneDelegate.swift; sourceTree = "<group>"; };
		7133B37A29C6B7EC00612010 /* Assets.xcassets */ = {isa = PBXFileReference; lastKnownFileType = folder.assetcatalog; path = Assets.xcassets; sourceTree = "<group>"; };
		7133B37D29C6B7EC00612010 /* Base */ = {isa = PBXFileReference; lastKnownFileType = file.storyboard; name = Base; path = Base.lproj/LaunchScreen.storyboard; sourceTree = "<group>"; };
		7133B37F29C6B7EC00612010 /* Info.plist */ = {isa = PBXFileReference; lastKnownFileType = text.plist.xml; path = Info.plist; sourceTree = "<group>"; };
		7133B47529C7F75A00612010 /* Main.storyboard */ = {isa = PBXFileReference; lastKnownFileType = file.storyboard; path = Main.storyboard; sourceTree = "<group>"; };
		7133B47729C7F78100612010 /* MainVC.swift */ = {isa = PBXFileReference; lastKnownFileType = sourcecode.swift; path = MainVC.swift; sourceTree = "<group>"; };
		7133B47929C7F79100612010 /* MainVM.swift */ = {isa = PBXFileReference; lastKnownFileType = sourcecode.swift; path = MainVM.swift; sourceTree = "<group>"; };
		7133B47B29C7F97C00612010 /* Home.xib */ = {isa = PBXFileReference; lastKnownFileType = file.xib; path = Home.xib; sourceTree = "<group>"; };
		719B2C6F29C986730022CAE5 /* ShowMessageView.swift */ = {isa = PBXFileReference; lastKnownFileType = sourcecode.swift; path = ShowMessageView.swift; sourceTree = "<group>"; };
		71AE400C29C809FB00879D9C /* HomeVC.swift */ = {isa = PBXFileReference; fileEncoding = 4; lastKnownFileType = sourcecode.swift; path = HomeVC.swift; sourceTree = "<group>"; };
		8515A93229C9F5850016E21B /* MoreView.swift */ = {isa = PBXFileReference; lastKnownFileType = sourcecode.swift; path = MoreView.swift; sourceTree = "<group>"; };
		8515A93429C9F5920016E21B /* MoreView.xib */ = {isa = PBXFileReference; lastKnownFileType = file.xib; path = MoreView.xib; sourceTree = "<group>"; };
		85484C1229C9D35F00FCE12B /* FunctionCollectionView.xib */ = {isa = PBXFileReference; lastKnownFileType = file.xib; path = FunctionCollectionView.xib; sourceTree = "<group>"; };
		85484C1429C9D39300FCE12B /* FunctionCollectionView.swift */ = {isa = PBXFileReference; lastKnownFileType = sourcecode.swift; path = FunctionCollectionView.swift; sourceTree = "<group>"; };
		85484C1729C9D63600FCE12B /* FunctionCollectionViewCell.xib */ = {isa = PBXFileReference; lastKnownFileType = file.xib; path = FunctionCollectionViewCell.xib; sourceTree = "<group>"; };
		85484C1929C9D64B00FCE12B /* FunctionCollectionViewCell.swift */ = {isa = PBXFileReference; lastKnownFileType = sourcecode.swift; path = FunctionCollectionViewCell.swift; sourceTree = "<group>"; };
		85484C1B29C9DA4400FCE12B /* NibLoadble.swift */ = {isa = PBXFileReference; lastKnownFileType = sourcecode.swift; path = NibLoadble.swift; sourceTree = "<group>"; };
		85BA31C529C6EB6E001F87FC /* HomeVM.swift */ = {isa = PBXFileReference; lastKnownFileType = sourcecode.swift; path = HomeVM.swift; sourceTree = "<group>"; };
		85BA32B629C6FCA2001F87FC /* Color.swift */ = {isa = PBXFileReference; lastKnownFileType = sourcecode.swift; path = Color.swift; sourceTree = "<group>"; };
		85BA32B829C70D7F001F87FC /* View.swift */ = {isa = PBXFileReference; lastKnownFileType = sourcecode.swift; path = View.swift; sourceTree = "<group>"; };
		85BA32BB29C71CA9001F87FC /* APIManager.swift */ = {isa = PBXFileReference; lastKnownFileType = sourcecode.swift; path = APIManager.swift; sourceTree = "<group>"; };
		85BA32BD29C71E94001F87FC /* APIInfo.swift */ = {isa = PBXFileReference; lastKnownFileType = sourcecode.swift; path = APIInfo.swift; sourceTree = "<group>"; };
		85BA32BF29C73986001F87FC /* APIRepository.swift */ = {isa = PBXFileReference; lastKnownFileType = sourcecode.swift; path = APIRepository.swift; sourceTree = "<group>"; };
		85BA32C229C751E7001F87FC /* APIResponse.swift */ = {isa = PBXFileReference; lastKnownFileType = sourcecode.swift; path = APIResponse.swift; sourceTree = "<group>"; };
/* End PBXFileReference section */

/* Begin PBXFrameworksBuildPhase section */
		7133B36B29C6B7E900612010 /* Frameworks */ = {
			isa = PBXFrameworksBuildPhase;
			buildActionMask = 2147483647;
			files = (
			);
			runOnlyForDeploymentPostprocessing = 0;
		};
/* End PBXFrameworksBuildPhase section */

/* Begin PBXGroup section */
		7133B36529C6B7E900612010 = {
			isa = PBXGroup;
			children = (
				7133B37029C6B7E900612010 /* MyAccountBalance */,
				7133B36F29C6B7E900612010 /* Products */,
			);
			sourceTree = "<group>";
		};
		7133B36F29C6B7E900612010 /* Products */ = {
			isa = PBXGroup;
			children = (
				7133B36E29C6B7E900612010 /* MyAccountBalance.app */,
			);
			name = Products;
			sourceTree = "<group>";
		};
		7133B37029C6B7E900612010 /* MyAccountBalance */ = {
			isa = PBXGroup;
			children = (
				7133B37129C6B7E900612010 /* AppDelegate.swift */,
				7133B37329C6B7E900612010 /* SceneDelegate.swift */,
				7133B47929C7F79100612010 /* MainVM.swift */,
				7133B47729C7F78100612010 /* MainVC.swift */,
				7133B47529C7F75A00612010 /* Main.storyboard */,
				7133B37A29C6B7EC00612010 /* Assets.xcassets */,
				7133B47329C7F61F00612010 /* View */,
				85BA32BA29C71C73001F87FC /* Model */,
				85BA32B529C6FC96001F87FC /* Extension */,
				7133B37C29C6B7EC00612010 /* LaunchScreen.storyboard */,
				7133B37F29C6B7EC00612010 /* Info.plist */,
			);
			path = MyAccountBalance;
			sourceTree = "<group>";
		};
		7133B47329C7F61F00612010 /* View */ = {
			isa = PBXGroup;
			children = (
				719B2C6E29C986510022CAE5 /* Component */,
				7133B47429C7F62C00612010 /* HomeView */,
			);
			path = View;
			sourceTree = "<group>";
		};
		7133B47429C7F62C00612010 /* HomeView */ = {
			isa = PBXGroup;
			children = (
				71AE400C29C809FB00879D9C /* HomeVC.swift */,
				85BA31C529C6EB6E001F87FC /* HomeVM.swift */,
				7133B47B29C7F97C00612010 /* Home.xib */,
			);
			path = HomeView;
			sourceTree = "<group>";
		};
		719B2C6E29C986510022CAE5 /* Component */ = {
			isa = PBXGroup;
			children = (
				8515A93129C9F4B90016E21B /* More */,
				85484C1129C9D33D00FCE12B /* FunctionCollectionView */,
				719B2C7129C986A00022CAE5 /* ShowMessageView */,
			);
			path = Component;
			sourceTree = "<group>";
		};
		719B2C7129C986A00022CAE5 /* ShowMessageView */ = {
			isa = PBXGroup;
			children = (
				719B2C6F29C986730022CAE5 /* ShowMessageView.swift */,
				712847E229C988BB000B73C7 /* ShowMessageView.xib */,
			);
			path = ShowMessageView;
			sourceTree = "<group>";
		};
		8515A93129C9F4B90016E21B /* More */ = {
			isa = PBXGroup;
			children = (
				8515A93229C9F5850016E21B /* MoreView.swift */,
				8515A93429C9F5920016E21B /* MoreView.xib */,
			);
			path = More;
			sourceTree = "<group>";
		};
		85484C1129C9D33D00FCE12B /* FunctionCollectionView */ = {
			isa = PBXGroup;
			children = (
				85484C1629C9D60D00FCE12B /* FunctionCollectionViewCell */,
				85484C1229C9D35F00FCE12B /* FunctionCollectionView.xib */,
				85484C1429C9D39300FCE12B /* FunctionCollectionView.swift */,
			);
			path = FunctionCollectionView;
			sourceTree = "<group>";
		};
		85484C1629C9D60D00FCE12B /* FunctionCollectionViewCell */ = {
			isa = PBXGroup;
			children = (
				85484C1729C9D63600FCE12B /* FunctionCollectionViewCell.xib */,
				85484C1929C9D64B00FCE12B /* FunctionCollectionViewCell.swift */,
			);
			path = FunctionCollectionViewCell;
			sourceTree = "<group>";
		};
		85BA32B529C6FC96001F87FC /* Extension */ = {
			isa = PBXGroup;
			children = (
				85BA32B629C6FCA2001F87FC /* Color.swift */,
				85BA32B829C70D7F001F87FC /* View.swift */,
				85484C1B29C9DA4400FCE12B /* NibLoadble.swift */,
			);
			path = Extension;
			sourceTree = "<group>";
		};
		85BA32BA29C71C73001F87FC /* Model */ = {
			isa = PBXGroup;
			children = (
				85BA32C429C75228001F87FC /* Repository */,
				85BA32C129C751D2001F87FC /* Response */,
				85BA32BB29C71CA9001F87FC /* APIManager.swift */,
				85BA32BD29C71E94001F87FC /* APIInfo.swift */,
			);
			path = Model;
			sourceTree = "<group>";
		};
		85BA32C129C751D2001F87FC /* Response */ = {
			isa = PBXGroup;
			children = (
				85BA32C229C751E7001F87FC /* APIResponse.swift */,
			);
			path = Response;
			sourceTree = "<group>";
		};
		85BA32C429C75228001F87FC /* Repository */ = {
			isa = PBXGroup;
			children = (
				85BA32BF29C73986001F87FC /* APIRepository.swift */,
			);
			path = Repository;
			sourceTree = "<group>";
		};
/* End PBXGroup section */

/* Begin PBXNativeTarget section */
		7133B36D29C6B7E900612010 /* MyAccountBalance */ = {
			isa = PBXNativeTarget;
			buildConfigurationList = 7133B38229C6B7EC00612010 /* Build configuration list for PBXNativeTarget "MyAccountBalance" */;
			buildPhases = (
				7133B36A29C6B7E900612010 /* Sources */,
				7133B36B29C6B7E900612010 /* Frameworks */,
				7133B36C29C6B7E900612010 /* Resources */,
			);
			buildRules = (
			);
			dependencies = (
			);
			name = MyAccountBalance;
			productName = MyAccountBalance;
			productReference = 7133B36E29C6B7E900612010 /* MyAccountBalance.app */;
			productType = "com.apple.product-type.application";
		};
/* End PBXNativeTarget section */

/* Begin PBXProject section */
		7133B36629C6B7E900612010 /* Project object */ = {
			isa = PBXProject;
			attributes = {
				BuildIndependentTargetsInParallel = 1;
				LastSwiftUpdateCheck = 1320;
				LastUpgradeCheck = 1320;
				TargetAttributes = {
					7133B36D29C6B7E900612010 = {
						CreatedOnToolsVersion = 13.2.1;
					};
				};
			};
			buildConfigurationList = 7133B36929C6B7E900612010 /* Build configuration list for PBXProject "MyAccountBalance" */;
			compatibilityVersion = "Xcode 13.0";
			developmentRegion = en;
			hasScannedForEncodings = 0;
			knownRegions = (
				en,
				Base,
			);
			mainGroup = 7133B36529C6B7E900612010;
			productRefGroup = 7133B36F29C6B7E900612010 /* Products */;
			projectDirPath = "";
			projectRoot = "";
			targets = (
				7133B36D29C6B7E900612010 /* MyAccountBalance */,
			);
		};
/* End PBXProject section */

/* Begin PBXResourcesBuildPhase section */
		7133B36C29C6B7E900612010 /* Resources */ = {
			isa = PBXResourcesBuildPhase;
			buildActionMask = 2147483647;
			files = (
				85484C1829C9D63600FCE12B /* FunctionCollectionViewCell.xib in Resources */,
				85484C1329C9D35F00FCE12B /* FunctionCollectionView.xib in Resources */,
				7133B47C29C7F97C00612010 /* Home.xib in Resources */,
				8515A93529C9F5920016E21B /* MoreView.xib in Resources */,
				7133B37E29C6B7EC00612010 /* LaunchScreen.storyboard in Resources */,
				712847E329C988BB000B73C7 /* ShowMessageView.xib in Resources */,
				7133B37B29C6B7EC00612010 /* Assets.xcassets in Resources */,
				7133B47629C7F75A00612010 /* Main.storyboard in Resources */,
			);
			runOnlyForDeploymentPostprocessing = 0;
		};
/* End PBXResourcesBuildPhase section */

/* Begin PBXSourcesBuildPhase section */
		7133B36A29C6B7E900612010 /* Sources */ = {
			isa = PBXSourcesBuildPhase;
			buildActionMask = 2147483647;
			files = (
				7133B37229C6B7E900612010 /* AppDelegate.swift in Sources */,
				85BA32B929C70D7F001F87FC /* View.swift in Sources */,
				85BA32C329C751E7001F87FC /* APIResponse.swift in Sources */,
				719B2C7029C986730022CAE5 /* ShowMessageView.swift in Sources */,
				7133B47829C7F78100612010 /* MainVC.swift in Sources */,
				7133B37429C6B7E900612010 /* SceneDelegate.swift in Sources */,
				85BA32B729C6FCA2001F87FC /* Color.swift in Sources */,
				85484C1C29C9DA4400FCE12B /* NibLoadble.swift in Sources */,
				7133B47A29C7F79100612010 /* MainVM.swift in Sources */,
				85BA31C629C6EB6E001F87FC /* HomeVM.swift in Sources */,
				85BA32BE29C71E94001F87FC /* APIInfo.swift in Sources */,
				85484C1529C9D39300FCE12B /* FunctionCollectionView.swift in Sources */,
				71AE400D29C809FB00879D9C /* HomeVC.swift in Sources */,
				8515A93329C9F5850016E21B /* MoreView.swift in Sources */,
				85484C1A29C9D64B00FCE12B /* FunctionCollectionViewCell.swift in Sources */,
				85BA32BC29C71CA9001F87FC /* APIManager.swift in Sources */,
				85BA32C029C73986001F87FC /* APIRepository.swift in Sources */,
			);
			runOnlyForDeploymentPostprocessing = 0;
		};
/* End PBXSourcesBuildPhase section */

/* Begin PBXVariantGroup section */
		7133B37C29C6B7EC00612010 /* LaunchScreen.storyboard */ = {
			isa = PBXVariantGroup;
			children = (
				7133B37D29C6B7EC00612010 /* Base */,
			);
			name = LaunchScreen.storyboard;
			sourceTree = "<group>";
		};
/* End PBXVariantGroup section */

/* Begin XCBuildConfiguration section */
		7133B38029C6B7EC00612010 /* Debug */ = {
			isa = XCBuildConfiguration;
			buildSettings = {
				ALWAYS_SEARCH_USER_PATHS = NO;
				CLANG_ANALYZER_NONNULL = YES;
				CLANG_ANALYZER_NUMBER_OBJECT_CONVERSION = YES_AGGRESSIVE;
				CLANG_CXX_LANGUAGE_STANDARD = "gnu++17";
				CLANG_CXX_LIBRARY = "libc++";
				CLANG_ENABLE_MODULES = YES;
				CLANG_ENABLE_OBJC_ARC = YES;
				CLANG_ENABLE_OBJC_WEAK = YES;
				CLANG_WARN_BLOCK_CAPTURE_AUTORELEASING = YES;
				CLANG_WARN_BOOL_CONVERSION = YES;
				CLANG_WARN_COMMA = YES;
				CLANG_WARN_CONSTANT_CONVERSION = YES;
				CLANG_WARN_DEPRECATED_OBJC_IMPLEMENTATIONS = YES;
				CLANG_WARN_DIRECT_OBJC_ISA_USAGE = YES_ERROR;
				CLANG_WARN_DOCUMENTATION_COMMENTS = YES;
				CLANG_WARN_EMPTY_BODY = YES;
				CLANG_WARN_ENUM_CONVERSION = YES;
				CLANG_WARN_INFINITE_RECURSION = YES;
				CLANG_WARN_INT_CONVERSION = YES;
				CLANG_WARN_NON_LITERAL_NULL_CONVERSION = YES;
				CLANG_WARN_OBJC_IMPLICIT_RETAIN_SELF = YES;
				CLANG_WARN_OBJC_LITERAL_CONVERSION = YES;
				CLANG_WARN_OBJC_ROOT_CLASS = YES_ERROR;
				CLANG_WARN_QUOTED_INCLUDE_IN_FRAMEWORK_HEADER = YES;
				CLANG_WARN_RANGE_LOOP_ANALYSIS = YES;
				CLANG_WARN_STRICT_PROTOTYPES = YES;
				CLANG_WARN_SUSPICIOUS_MOVE = YES;
				CLANG_WARN_UNGUARDED_AVAILABILITY = YES_AGGRESSIVE;
				CLANG_WARN_UNREACHABLE_CODE = YES;
				CLANG_WARN__DUPLICATE_METHOD_MATCH = YES;
				COPY_PHASE_STRIP = NO;
				DEBUG_INFORMATION_FORMAT = dwarf;
				ENABLE_STRICT_OBJC_MSGSEND = YES;
				ENABLE_TESTABILITY = YES;
				GCC_C_LANGUAGE_STANDARD = gnu11;
				GCC_DYNAMIC_NO_PIC = NO;
				GCC_NO_COMMON_BLOCKS = YES;
				GCC_OPTIMIZATION_LEVEL = 0;
				GCC_PREPROCESSOR_DEFINITIONS = (
					"DEBUG=1",
					"$(inherited)",
				);
				GCC_WARN_64_TO_32_BIT_CONVERSION = YES;
				GCC_WARN_ABOUT_RETURN_TYPE = YES_ERROR;
				GCC_WARN_UNDECLARED_SELECTOR = YES;
				GCC_WARN_UNINITIALIZED_AUTOS = YES_AGGRESSIVE;
				GCC_WARN_UNUSED_FUNCTION = YES;
				GCC_WARN_UNUSED_VARIABLE = YES;
				IPHONEOS_DEPLOYMENT_TARGET = 15.2;
				MTL_ENABLE_DEBUG_INFO = INCLUDE_SOURCE;
				MTL_FAST_MATH = YES;
				ONLY_ACTIVE_ARCH = YES;
				SDKROOT = iphoneos;
				SWIFT_ACTIVE_COMPILATION_CONDITIONS = DEBUG;
				SWIFT_OPTIMIZATION_LEVEL = "-Onone";
			};
			name = Debug;
		};
		7133B38129C6B7EC00612010 /* Release */ = {
			isa = XCBuildConfiguration;
			buildSettings = {
				ALWAYS_SEARCH_USER_PATHS = NO;
				CLANG_ANALYZER_NONNULL = YES;
				CLANG_ANALYZER_NUMBER_OBJECT_CONVERSION = YES_AGGRESSIVE;
				CLANG_CXX_LANGUAGE_STANDARD = "gnu++17";
				CLANG_CXX_LIBRARY = "libc++";
				CLANG_ENABLE_MODULES = YES;
				CLANG_ENABLE_OBJC_ARC = YES;
				CLANG_ENABLE_OBJC_WEAK = YES;
				CLANG_WARN_BLOCK_CAPTURE_AUTORELEASING = YES;
				CLANG_WARN_BOOL_CONVERSION = YES;
				CLANG_WARN_COMMA = YES;
				CLANG_WARN_CONSTANT_CONVERSION = YES;
				CLANG_WARN_DEPRECATED_OBJC_IMPLEMENTATIONS = YES;
				CLANG_WARN_DIRECT_OBJC_ISA_USAGE = YES_ERROR;
				CLANG_WARN_DOCUMENTATION_COMMENTS = YES;
				CLANG_WARN_EMPTY_BODY = YES;
				CLANG_WARN_ENUM_CONVERSION = YES;
				CLANG_WARN_INFINITE_RECURSION = YES;
				CLANG_WARN_INT_CONVERSION = YES;
				CLANG_WARN_NON_LITERAL_NULL_CONVERSION = YES;
				CLANG_WARN_OBJC_IMPLICIT_RETAIN_SELF = YES;
				CLANG_WARN_OBJC_LITERAL_CONVERSION = YES;
				CLANG_WARN_OBJC_ROOT_CLASS = YES_ERROR;
				CLANG_WARN_QUOTED_INCLUDE_IN_FRAMEWORK_HEADER = YES;
				CLANG_WARN_RANGE_LOOP_ANALYSIS = YES;
				CLANG_WARN_STRICT_PROTOTYPES = YES;
				CLANG_WARN_SUSPICIOUS_MOVE = YES;
				CLANG_WARN_UNGUARDED_AVAILABILITY = YES_AGGRESSIVE;
				CLANG_WARN_UNREACHABLE_CODE = YES;
				CLANG_WARN__DUPLICATE_METHOD_MATCH = YES;
				COPY_PHASE_STRIP = NO;
				DEBUG_INFORMATION_FORMAT = "dwarf-with-dsym";
				ENABLE_NS_ASSERTIONS = NO;
				ENABLE_STRICT_OBJC_MSGSEND = YES;
				GCC_C_LANGUAGE_STANDARD = gnu11;
				GCC_NO_COMMON_BLOCKS = YES;
				GCC_WARN_64_TO_32_BIT_CONVERSION = YES;
				GCC_WARN_ABOUT_RETURN_TYPE = YES_ERROR;
				GCC_WARN_UNDECLARED_SELECTOR = YES;
				GCC_WARN_UNINITIALIZED_AUTOS = YES_AGGRESSIVE;
				GCC_WARN_UNUSED_FUNCTION = YES;
				GCC_WARN_UNUSED_VARIABLE = YES;
				IPHONEOS_DEPLOYMENT_TARGET = 15.2;
				MTL_ENABLE_DEBUG_INFO = NO;
				MTL_FAST_MATH = YES;
				SDKROOT = iphoneos;
				SWIFT_COMPILATION_MODE = wholemodule;
				SWIFT_OPTIMIZATION_LEVEL = "-O";
				VALIDATE_PRODUCT = YES;
			};
			name = Release;
		};
		7133B38329C6B7EC00612010 /* Debug */ = {
			isa = XCBuildConfiguration;
			buildSettings = {
				ASSETCATALOG_COMPILER_APPICON_NAME = AppIcon;
				ASSETCATALOG_COMPILER_GLOBAL_ACCENT_COLOR_NAME = AccentColor;
				CODE_SIGN_STYLE = Automatic;
				CURRENT_PROJECT_VERSION = 1;
				DEVELOPMENT_TEAM = 9A6X28UH62;
				GENERATE_INFOPLIST_FILE = YES;
				INFOPLIST_FILE = MyAccountBalance/Info.plist;
				INFOPLIST_KEY_UIApplicationSupportsIndirectInputEvents = YES;
				INFOPLIST_KEY_UILaunchStoryboardName = LaunchScreen;
				INFOPLIST_KEY_UIMainStoryboardFile = Main;
				INFOPLIST_KEY_UISupportedInterfaceOrientations_iPad = "UIInterfaceOrientationPortrait UIInterfaceOrientationPortraitUpsideDown UIInterfaceOrientationLandscapeLeft UIInterfaceOrientationLandscapeRight";
				INFOPLIST_KEY_UISupportedInterfaceOrientations_iPhone = "UIInterfaceOrientationPortrait UIInterfaceOrientationLandscapeLeft UIInterfaceOrientationLandscapeRight";
				IPHONEOS_DEPLOYMENT_TARGET = 13.0;
				LD_RUNPATH_SEARCH_PATHS = (
					"$(inherited)",
					"@executable_path/Frameworks",
				);
				MARKETING_VERSION = 1.0;
				PRODUCT_BUNDLE_IDENTIFIER = kevinhus.com.MyAccountBalance.MyAccountBalance;
				PRODUCT_NAME = "$(TARGET_NAME)";
				SWIFT_EMIT_LOC_STRINGS = YES;
				SWIFT_VERSION = 5.0;
				TARGETED_DEVICE_FAMILY = "1,2";
			};
			name = Debug;
		};
		7133B38429C6B7EC00612010 /* Release */ = {
			isa = XCBuildConfiguration;
			buildSettings = {
				ASSETCATALOG_COMPILER_APPICON_NAME = AppIcon;
				ASSETCATALOG_COMPILER_GLOBAL_ACCENT_COLOR_NAME = AccentColor;
				CODE_SIGN_STYLE = Automatic;
				CURRENT_PROJECT_VERSION = 1;
				DEVELOPMENT_TEAM = 9A6X28UH62;
				GENERATE_INFOPLIST_FILE = YES;
				INFOPLIST_FILE = MyAccountBalance/Info.plist;
				INFOPLIST_KEY_UIApplicationSupportsIndirectInputEvents = YES;
				INFOPLIST_KEY_UILaunchStoryboardName = LaunchScreen;
				INFOPLIST_KEY_UIMainStoryboardFile = Main;
				INFOPLIST_KEY_UISupportedInterfaceOrientations_iPad = "UIInterfaceOrientationPortrait UIInterfaceOrientationPortraitUpsideDown UIInterfaceOrientationLandscapeLeft UIInterfaceOrientationLandscapeRight";
				INFOPLIST_KEY_UISupportedInterfaceOrientations_iPhone = "UIInterfaceOrientationPortrait UIInterfaceOrientationLandscapeLeft UIInterfaceOrientationLandscapeRight";
				IPHONEOS_DEPLOYMENT_TARGET = 13.0;
				LD_RUNPATH_SEARCH_PATHS = (
					"$(inherited)",
					"@executable_path/Frameworks",
				);
				MARKETING_VERSION = 1.0;
				PRODUCT_BUNDLE_IDENTIFIER = kevinhus.com.MyAccountBalance.MyAccountBalance;
				PRODUCT_NAME = "$(TARGET_NAME)";
				SWIFT_EMIT_LOC_STRINGS = YES;
				SWIFT_VERSION = 5.0;
				TARGETED_DEVICE_FAMILY = "1,2";
			};
			name = Release;
		};
/* End XCBuildConfiguration section */

/* Begin XCConfigurationList section */
		7133B36929C6B7E900612010 /* Build configuration list for PBXProject "MyAccountBalance" */ = {
			isa = XCConfigurationList;
			buildConfigurations = (
				7133B38029C6B7EC00612010 /* Debug */,
				7133B38129C6B7EC00612010 /* Release */,
			);
			defaultConfigurationIsVisible = 0;
			defaultConfigurationName = Release;
		};
		7133B38229C6B7EC00612010 /* Build configuration list for PBXNativeTarget "MyAccountBalance" */ = {
			isa = XCConfigurationList;
			buildConfigurations = (
				7133B38329C6B7EC00612010 /* Debug */,
				7133B38429C6B7EC00612010 /* Release */,
			);
			defaultConfigurationIsVisible = 0;
			defaultConfigurationName = Release;
		};
/* End XCConfigurationList section */
	};
	rootObject = 7133B36629C6B7E900612010 /* Project object */;
}
